
Microsoft Visual Studio Solution File, Format Version 12.00
# Visual Studio Version 17
VisualStudioVersion = 17.11.35303.130
MinimumVisualStudioVersion = 10.0.40219.1
Project("{FAE04EC0-301F-11D3-BF4B-00C04F79EFBC}") = "ProductApi", "ProductApi\ProductApi.csproj", "{A2FC4EC2-2892-4005-A2A6-A43ECAAFF14B}"
EndProject
Global
	GlobalSection(SolutionConfigurationPlatforms) = preSolution
		Debug|Any CPU = Debug|Any CPU
		Release|Any CPU = Release|Any CPU
	EndGlobalSection
	GlobalSection(ProjectConfigurationPlatforms) = postSolution
		{A2FC4EC2-2892-4005-A2A6-A43ECAAFF14B}.Debug|Any CPU.ActiveCfg = Debug|Any CPU
		{A2FC4EC2-2892-4005-A2A6-A43ECAAFF14B}.Debug|Any CPU.Build.0 = Debug|Any CPU
		{A2FC4EC2-2892-4005-A2A6-A43ECAAFF14B}.Release|Any CPU.ActiveCfg = Release|Any CPU
		{A2FC4EC2-2892-4005-A2A6-A43ECAAFF14B}.Release|Any CPU.Build.0 = Release|Any CPU
	EndGlobalSection
	GlobalSection(SolutionProperties) = preSolution
		HideSolutionNode = FALSE
	EndGlobalSection
	GlobalSection(ExtensibilityGlobals) = postSolution
		SolutionGuid = {BFC110B3-731A-4353-ABCF-F382D1DCC0D9}
	EndGlobalSection
EndGlobal
